
Microsoft Visual Studio Solution File, Format Version 12.00
# Visual Studio 15
VisualStudioVersion = 15.0.28307.136
MinimumVisualStudioVersion = 10.0.40219.1
Project("{FAE04EC0-301F-11D3-BF4B-00C04F79EFBC}") = "NewCSProj_SpecFlow24", "NewCSProj_SpecFlow24\NewCSProj_SpecFlow24.csproj", "{FEB7A023-59D4-4D90-BE22-5EBDE228C1DA}"
EndProject
Global
	GlobalSection(SolutionConfigurationPlatforms) = preSolution
		Debug|Any CPU = Debug|Any CPU
		Release|Any CPU = Release|Any CPU
	EndGlobalSection
	GlobalSection(ProjectConfigurationPlatforms) = postSolution
		{FEB7A023-59D4-4D90-BE22-5EBDE228C1DA}.Debug|Any CPU.ActiveCfg = Debug|Any CPU
		{FEB7A023-59D4-4D90-BE22-5EBDE228C1DA}.Debug|Any CPU.Build.0 = Debug|Any CPU
		{FEB7A023-59D4-4D90-BE22-5EBDE228C1DA}.Release|Any CPU.ActiveCfg = Release|Any CPU
		{FEB7A023-59D4-4D90-BE22-5EBDE228C1DA}.Release|Any CPU.Build.0 = Release|Any CPU
	EndGlobalSection
	GlobalSection(SolutionProperties) = preSolution
		HideSolutionNode = FALSE
	EndGlobalSection
	GlobalSection(ExtensibilityGlobals) = postSolution
		SolutionGuid = {B4266970-87A3-493F-A2C9-AE09335CA38C}
	EndGlobalSection
EndGlobal
