
Microsoft Visual Studio Solution File, Format Version 12.00
# Visual Studio Version 16
VisualStudioVersion = 16.0.30114.105
MinimumVisualStudioVersion = 10.0.40219.1
Project("{FAE04EC0-301F-11D3-BF4B-00C04F79EFBC}") = "PlaywrightExample", "PlaywrightExample\PlaywrightExample.csproj", "{3A014B1D-34AF-4EF7-9D62-A203DB7B0CCB}"
EndProject
Global
	GlobalSection(SolutionConfigurationPlatforms) = preSolution
		Debug|Any CPU = Debug|Any CPU
		Release|Any CPU = Release|Any CPU
	EndGlobalSection
	GlobalSection(SolutionProperties) = preSolution
		HideSolutionNode = FALSE
	EndGlobalSection
	GlobalSection(ProjectConfigurationPlatforms) = postSolution
		{3A014B1D-34AF-4EF7-9D62-A203DB7B0CCB}.Debug|Any CPU.ActiveCfg = Debug|Any CPU
		{3A014B1D-34AF-4EF7-9D62-A203DB7B0CCB}.Debug|Any CPU.Build.0 = Debug|Any CPU
		{3A014B1D-34AF-4EF7-9D62-A203DB7B0CCB}.Release|Any CPU.ActiveCfg = Release|Any CPU
		{3A014B1D-34AF-4EF7-9D62-A203DB7B0CCB}.Release|Any CPU.Build.0 = Release|Any CPU
	EndGlobalSection
EndGlobal
