
Microsoft Visual Studio Solution File, Format Version 12.00
# Visual Studio Version 16
VisualStudioVersion = 16.0.30907.101
MinimumVisualStudioVersion = 10.0.40219.1
Project("{9A19103F-16F7-4668-BE54-9A1E7A4F7556}") = "SpecsNUnit", "SpecsNUnit.csproj", "{40318F8A-EAAA-4702-85E0-0BF4820E626E}"
EndProject
Global
	GlobalSection(SolutionConfigurationPlatforms) = preSolution
		Debug|Any CPU = Debug|Any CPU
		Release|Any CPU = Release|Any CPU
	EndGlobalSection
	GlobalSection(ProjectConfigurationPlatforms) = postSolution
		{40318F8A-EAAA-4702-85E0-0BF4820E626E}.Debug|Any CPU.ActiveCfg = Debug|Any CPU
		{40318F8A-EAAA-4702-85E0-0BF4820E626E}.Debug|Any CPU.Build.0 = Debug|Any CPU
		{40318F8A-EAAA-4702-85E0-0BF4820E626E}.Release|Any CPU.ActiveCfg = Release|Any CPU
		{40318F8A-EAAA-4702-85E0-0BF4820E626E}.Release|Any CPU.Build.0 = Release|Any CPU
	EndGlobalSection
	GlobalSection(SolutionProperties) = preSolution
		HideSolutionNode = FALSE
	EndGlobalSection
	GlobalSection(ExtensibilityGlobals) = postSolution
		SolutionGuid = {4A1B227B-BBF9-43F0-9E80-BDD7125DC7A5}
	EndGlobalSection
EndGlobal
