
Microsoft Visual Studio Solution File, Format Version 12.00
# Visual Studio 15
VisualStudioVersion = 15.0.28307.136
MinimumVisualStudioVersion = 10.0.40219.1
Project("{FAE04EC0-301F-11D3-BF4B-00C04F79EFBC}") = "OldCSProj_SpecFlow24", "OldCSProj_SpecFlow24\OldCSProj_SpecFlow24.csproj", "{27AB9B2C-D3DE-4808-BE19-81805877E9B4}"
EndProject
Global
	GlobalSection(SolutionConfigurationPlatforms) = preSolution
		Debug|Any CPU = Debug|Any CPU
		Release|Any CPU = Release|Any CPU
	EndGlobalSection
	GlobalSection(ProjectConfigurationPlatforms) = postSolution
		{27AB9B2C-D3DE-4808-BE19-81805877E9B4}.Debug|Any CPU.ActiveCfg = Debug|Any CPU
		{27AB9B2C-D3DE-4808-BE19-81805877E9B4}.Debug|Any CPU.Build.0 = Debug|Any CPU
		{27AB9B2C-D3DE-4808-BE19-81805877E9B4}.Release|Any CPU.ActiveCfg = Release|Any CPU
		{27AB9B2C-D3DE-4808-BE19-81805877E9B4}.Release|Any CPU.Build.0 = Release|Any CPU
	EndGlobalSection
	GlobalSection(SolutionProperties) = preSolution
		HideSolutionNode = FALSE
	EndGlobalSection
	GlobalSection(ExtensibilityGlobals) = postSolution
		SolutionGuid = {FCD19D40-7A86-4D4A-AE42-F5C78849DDD8}
	EndGlobalSection
EndGlobal
