
Microsoft Visual Studio Solution File, Format Version 12.00
# Visual Studio Version 16
VisualStudioVersion = 16.0.31702.278
MinimumVisualStudioVersion = 10.0.40219.1
Project("{9A19103F-16F7-4668-BE54-9A1E7A4F7556}") = "SpecFlowCalculator", "SpecFlowCalculator\SpecFlowCalculator.csproj", "{9FFD05C2-9B24-4A25-BE1B-13F0D7F65170}"
EndProject
Project("{FAE04EC0-301F-11D3-BF4B-00C04F79EFBC}") = "SpecFlowCalculator.Specs", "SpecFlowCalculator.Specs\SpecFlowCalculator.Specs.csproj", "{AA05D822-7681-4055-AD11-77D15CF52F60}"
EndProject
Global
	GlobalSection(SolutionConfigurationPlatforms) = preSolution
		Debug|Any CPU = Debug|Any CPU
		Release|Any CPU = Release|Any CPU
	EndGlobalSection
	GlobalSection(ProjectConfigurationPlatforms) = postSolution
		{9FFD05C2-9B24-4A25-BE1B-13F0D7F65170}.Debug|Any CPU.ActiveCfg = Debug|Any CPU
		{9FFD05C2-9B24-4A25-BE1B-13F0D7F65170}.Debug|Any CPU.Build.0 = Debug|Any CPU
		{9FFD05C2-9B24-4A25-BE1B-13F0D7F65170}.Release|Any CPU.ActiveCfg = Release|Any CPU
		{9FFD05C2-9B24-4A25-BE1B-13F0D7F65170}.Release|Any CPU.Build.0 = Release|Any CPU
		{AA05D822-7681-4055-AD11-77D15CF52F60}.Debug|Any CPU.ActiveCfg = Debug|Any CPU
		{AA05D822-7681-4055-AD11-77D15CF52F60}.Debug|Any CPU.Build.0 = Debug|Any CPU
		{AA05D822-7681-4055-AD11-77D15CF52F60}.Release|Any CPU.ActiveCfg = Release|Any CPU
		{AA05D822-7681-4055-AD11-77D15CF52F60}.Release|Any CPU.Build.0 = Release|Any CPU
	EndGlobalSection
	GlobalSection(SolutionProperties) = preSolution
		HideSolutionNode = FALSE
	EndGlobalSection
	GlobalSection(ExtensibilityGlobals) = postSolution
		SolutionGuid = {819EEBC0-8A8A-498C-8719-9A3039652F6A}
	EndGlobalSection
EndGlobal
