
Microsoft Visual Studio Solution File, Format Version 12.00
# Visual Studio 15
VisualStudioVersion = 15.0.28307.136
MinimumVisualStudioVersion = 10.0.40219.1
Project("{FAE04EC0-301F-11D3-BF4B-00C04F79EFBC}") = "GherkinFormattingExamples", "GherkinFormattingExamples\GherkinFormattingExamples.csproj", "{40CB8097-ABFF-47F0-BA7A-CF1AC33ED672}"
EndProject
Global
	GlobalSection(SolutionConfigurationPlatforms) = preSolution
		Debug|Any CPU = Debug|Any CPU
		Release|Any CPU = Release|Any CPU
	EndGlobalSection
	GlobalSection(ProjectConfigurationPlatforms) = postSolution
		{40CB8097-ABFF-47F0-BA7A-CF1AC33ED672}.Debug|Any CPU.ActiveCfg = Debug|Any CPU
		{40CB8097-ABFF-47F0-BA7A-CF1AC33ED672}.Debug|Any CPU.Build.0 = Debug|Any CPU
		{40CB8097-ABFF-47F0-BA7A-CF1AC33ED672}.Release|Any CPU.ActiveCfg = Release|Any CPU
		{40CB8097-ABFF-47F0-BA7A-CF1AC33ED672}.Release|Any CPU.Build.0 = Release|Any CPU
	EndGlobalSection
	GlobalSection(SolutionProperties) = preSolution
		HideSolutionNode = FALSE
	EndGlobalSection
	GlobalSection(ExtensibilityGlobals) = postSolution
		SolutionGuid = {DB9635B7-4842-40B5-B7EF-62AB9173DE15}
	EndGlobalSection
EndGlobal
