
Microsoft Visual Studio Solution File, Format Version 12.00
# Visual Studio Version 16
VisualStudioVersion = 16.0.30717.126
MinimumVisualStudioVersion = 10.0.40219.1
Project("{FAE04EC0-301F-11D3-BF4B-00C04F79EFBC}") = "OnlySpecTest", "OnlySpecTest.csproj", "{0D3B072B-6903-42B8-AC15-17ECB90A6478}"
EndProject
Global
	GlobalSection(SolutionConfigurationPlatforms) = preSolution
		Debug|Any CPU = Debug|Any CPU
		Release|Any CPU = Release|Any CPU
	EndGlobalSection
	GlobalSection(ProjectConfigurationPlatforms) = postSolution
		{0D3B072B-6903-42B8-AC15-17ECB90A6478}.Debug|Any CPU.ActiveCfg = Debug|Any CPU
		{0D3B072B-6903-42B8-AC15-17ECB90A6478}.Debug|Any CPU.Build.0 = Debug|Any CPU
		{0D3B072B-6903-42B8-AC15-17ECB90A6478}.Release|Any CPU.ActiveCfg = Release|Any CPU
		{0D3B072B-6903-42B8-AC15-17ECB90A6478}.Release|Any CPU.Build.0 = Release|Any CPU
	EndGlobalSection
	GlobalSection(SolutionProperties) = preSolution
		HideSolutionNode = FALSE
	EndGlobalSection
	GlobalSection(ExtensibilityGlobals) = postSolution
		SolutionGuid = {47D0F343-BB59-4289-B34E-A0979719D55E}
	EndGlobalSection
EndGlobal
