
Microsoft Visual Studio Solution File, Format Version 12.00
# Visual Studio Version 16
VisualStudioVersion = 16.0.30717.126
MinimumVisualStudioVersion = 10.0.40219.1
Project("{FAE04EC0-301F-11D3-BF4B-00C04F79EFBC}") = "SpecFlowPlusProject", "SpecFlowPlusProject.csproj", "{7C42DD20-C981-42EE-BF70-C30D4C10D926}"
EndProject
Global
	GlobalSection(SolutionConfigurationPlatforms) = preSolution
		Debug|Any CPU = Debug|Any CPU
		Release|Any CPU = Release|Any CPU
	EndGlobalSection
	GlobalSection(ProjectConfigurationPlatforms) = postSolution
		{7C42DD20-C981-42EE-BF70-C30D4C10D926}.Debug|Any CPU.ActiveCfg = Debug|Any CPU
		{7C42DD20-C981-42EE-BF70-C30D4C10D926}.Debug|Any CPU.Build.0 = Debug|Any CPU
		{7C42DD20-C981-42EE-BF70-C30D4C10D926}.Release|Any CPU.ActiveCfg = Release|Any CPU
		{7C42DD20-C981-42EE-BF70-C30D4C10D926}.Release|Any CPU.Build.0 = Release|Any CPU
	EndGlobalSection
	GlobalSection(SolutionProperties) = preSolution
		HideSolutionNode = FALSE
	EndGlobalSection
	GlobalSection(ExtensibilityGlobals) = postSolution
		SolutionGuid = {F240AC63-73A7-431C-BA12-9BC6AE1CD5E2}
	EndGlobalSection
EndGlobal
