
Microsoft Visual Studio Solution File, Format Version 12.00
# Visual Studio Version 16
VisualStudioVersion = 16.0.31702.278
MinimumVisualStudioVersion = 10.0.40219.1
Project("{FAE04EC0-301F-11D3-BF4B-00C04F79EFBC}") = "SpecFlowCalculator.Specs", "SpecFlowCalculator.Specs\SpecFlowCalculator.Specs.csproj", "{996014AF-F2F5-4EF8-BC4A-4B670E8F7C4B}"
EndProject
Project("{FAE04EC0-301F-11D3-BF4B-00C04F79EFBC}") = "SpecFlowCalculator", "SpecFlowCalculator\SpecFlowCalculator.csproj", "{F2D7EA31-587C-47E9-B885-EA4842742FB4}"
EndProject
Global
	GlobalSection(SolutionConfigurationPlatforms) = preSolution
		Debug|Any CPU = Debug|Any CPU
		Release|Any CPU = Release|Any CPU
	EndGlobalSection
	GlobalSection(ProjectConfigurationPlatforms) = postSolution
		{996014AF-F2F5-4EF8-BC4A-4B670E8F7C4B}.Debug|Any CPU.ActiveCfg = Debug|Any CPU
		{996014AF-F2F5-4EF8-BC4A-4B670E8F7C4B}.Debug|Any CPU.Build.0 = Debug|Any CPU
		{996014AF-F2F5-4EF8-BC4A-4B670E8F7C4B}.Release|Any CPU.ActiveCfg = Release|Any CPU
		{996014AF-F2F5-4EF8-BC4A-4B670E8F7C4B}.Release|Any CPU.Build.0 = Release|Any CPU
		{F2D7EA31-587C-47E9-B885-EA4842742FB4}.Debug|Any CPU.ActiveCfg = Debug|Any CPU
		{F2D7EA31-587C-47E9-B885-EA4842742FB4}.Debug|Any CPU.Build.0 = Debug|Any CPU
		{F2D7EA31-587C-47E9-B885-EA4842742FB4}.Release|Any CPU.ActiveCfg = Release|Any CPU
		{F2D7EA31-587C-47E9-B885-EA4842742FB4}.Release|Any CPU.Build.0 = Release|Any CPU
	EndGlobalSection
	GlobalSection(SolutionProperties) = preSolution
		HideSolutionNode = FALSE
	EndGlobalSection
	GlobalSection(ExtensibilityGlobals) = postSolution
		SolutionGuid = {567DFF0B-4328-4142-B1A0-73FCC82DB7BB}
	EndGlobalSection
EndGlobal
