
Microsoft Visual Studio Solution File, Format Version 12.00
# Visual Studio Version 16
VisualStudioVersion = 16.0.30907.101
MinimumVisualStudioVersion = 10.0.40219.1
Project("{9A19103F-16F7-4668-BE54-9A1E7A4F7556}") = "SpecsXUnit", "SpecsXUnit.csproj", "{32895D80-B358-4CAD-8222-2113E8AA6A64}"
EndProject
Global
	GlobalSection(SolutionConfigurationPlatforms) = preSolution
		Debug|Any CPU = Debug|Any CPU
		Release|Any CPU = Release|Any CPU
	EndGlobalSection
	GlobalSection(ProjectConfigurationPlatforms) = postSolution
		{32895D80-B358-4CAD-8222-2113E8AA6A64}.Debug|Any CPU.ActiveCfg = Debug|Any CPU
		{32895D80-B358-4CAD-8222-2113E8AA6A64}.Debug|Any CPU.Build.0 = Debug|Any CPU
		{32895D80-B358-4CAD-8222-2113E8AA6A64}.Release|Any CPU.ActiveCfg = Release|Any CPU
		{32895D80-B358-4CAD-8222-2113E8AA6A64}.Release|Any CPU.Build.0 = Release|Any CPU
	EndGlobalSection
	GlobalSection(SolutionProperties) = preSolution
		HideSolutionNode = FALSE
	EndGlobalSection
	GlobalSection(ExtensibilityGlobals) = postSolution
		SolutionGuid = {038C5A87-A8A3-4F1C-9D69-D7BB5F02CA10}
	EndGlobalSection
EndGlobal
