
Microsoft Visual Studio Solution File, Format Version 12.00
# Visual Studio Version 16
VisualStudioVersion = 16.0.28721.148
MinimumVisualStudioVersion = 10.0.40219.1
Project("{9A19103F-16F7-4668-BE54-9A1E7A4F7556}") = "AdditionalStepAssembly", "AdditionalStepAssembly\AdditionalStepAssembly.csproj", "{45E2FC12-FA9F-435A-9685-5C14791C81D6}"
EndProject
Project("{9A19103F-16F7-4668-BE54-9A1E7A4F7556}") = "SecondStepAssembly", "SecondStepAssembly\SecondStepAssembly.csproj", "{8EBC6FCD-2B12-4CA9-B492-AB1907157A8C}"
EndProject
Project("{9A19103F-16F7-4668-BE54-9A1E7A4F7556}") = "AdditionalStepAssemblyFullFramework", "AdditionalStepAssemblyFullFramework\AdditionalStepAssemblyFullFramework.csproj", "{5E3F51A0-5754-4272-8CDF-CB01625451C4}"
EndProject
Global
	GlobalSection(SolutionConfigurationPlatforms) = preSolution
		Debug|Any CPU = Debug|Any CPU
		Release|Any CPU = Release|Any CPU
	EndGlobalSection
	GlobalSection(ProjectConfigurationPlatforms) = postSolution
		{45E2FC12-FA9F-435A-9685-5C14791C81D6}.Debug|Any CPU.ActiveCfg = Debug|Any CPU
		{45E2FC12-FA9F-435A-9685-5C14791C81D6}.Debug|Any CPU.Build.0 = Debug|Any CPU
		{45E2FC12-FA9F-435A-9685-5C14791C81D6}.Release|Any CPU.ActiveCfg = Release|Any CPU
		{45E2FC12-FA9F-435A-9685-5C14791C81D6}.Release|Any CPU.Build.0 = Release|Any CPU
		{8EBC6FCD-2B12-4CA9-B492-AB1907157A8C}.Debug|Any CPU.ActiveCfg = Debug|Any CPU
		{8EBC6FCD-2B12-4CA9-B492-AB1907157A8C}.Debug|Any CPU.Build.0 = Debug|Any CPU
		{8EBC6FCD-2B12-4CA9-B492-AB1907157A8C}.Release|Any CPU.ActiveCfg = Release|Any CPU
		{8EBC6FCD-2B12-4CA9-B492-AB1907157A8C}.Release|Any CPU.Build.0 = Release|Any CPU
		{5E3F51A0-5754-4272-8CDF-CB01625451C4}.Debug|Any CPU.ActiveCfg = Debug|Any CPU
		{5E3F51A0-5754-4272-8CDF-CB01625451C4}.Debug|Any CPU.Build.0 = Debug|Any CPU
		{5E3F51A0-5754-4272-8CDF-CB01625451C4}.Release|Any CPU.ActiveCfg = Release|Any CPU
		{5E3F51A0-5754-4272-8CDF-CB01625451C4}.Release|Any CPU.Build.0 = Release|Any CPU
	EndGlobalSection
	GlobalSection(SolutionProperties) = preSolution
		HideSolutionNode = FALSE
	EndGlobalSection
	GlobalSection(ExtensibilityGlobals) = postSolution
		SolutionGuid = {2B1E1CBE-0BF3-4307-A5C4-CF69F6B88A8E}
	EndGlobalSection
EndGlobal
