
Microsoft Visual Studio Solution File, Format Version 12.00
# Visual Studio Version 16
VisualStudioVersion = 16.0.29123.88
MinimumVisualStudioVersion = 10.0.40219.1
Project("{2150E333-8FDC-42A3-9474-1A3956D46DE8}") = "Solution Items", "Solution Items", "{F5A5D023-ED56-400E-83C8-D59F94C59E12}"
	ProjectSection(SolutionItems) = preProject
		..\..\.gitignore = ..\..\.gitignore
		BookShop.vsmdi = BookShop.vsmdi
		LocalTestRun.testrunconfig = LocalTestRun.testrunconfig
		README.md = README.md
	EndProjectSection
EndProject
Project("{9A19103F-16F7-4668-BE54-9A1E7A4F7556}") = "BookShop.AcceptanceTests", "BookShop.AcceptanceTests\BookShop.AcceptanceTests.csproj", "{0906D17A-01F0-4761-9ECD-BE5023387943}"
EndProject
Project("{9A19103F-16F7-4668-BE54-9A1E7A4F7556}") = "BookShop.WebTests.Selenium", "BookShop.WebTests.Selenium\BookShop.WebTests.Selenium.csproj", "{076B2B3F-B40C-4445-B73B-8847C15E9623}"
EndProject
Project("{9A19103F-16F7-4668-BE54-9A1E7A4F7556}") = "BookShop.AcceptanceTests.Common", "BookShop.AcceptanceTests.Common\BookShop.AcceptanceTests.Common.csproj", "{FDC3F86D-A2E8-443F-8665-6A71DA702123}"
EndProject
Project("{9A19103F-16F7-4668-BE54-9A1E7A4F7556}") = "BookShop.Mvc", "BookShop.Mvc\BookShop.Mvc.csproj", "{082BC7D4-F872-4A0A-8234-07BAE9F729B5}"
EndProject
Global
	GlobalSection(SolutionConfigurationPlatforms) = preSolution
		Debug|Any CPU = Debug|Any CPU
		Release|Any CPU = Release|Any CPU
	EndGlobalSection
	GlobalSection(ProjectConfigurationPlatforms) = postSolution
		{0906D17A-01F0-4761-9ECD-BE5023387943}.Debug|Any CPU.ActiveCfg = Debug|Any CPU
		{0906D17A-01F0-4761-9ECD-BE5023387943}.Debug|Any CPU.Build.0 = Debug|Any CPU
		{0906D17A-01F0-4761-9ECD-BE5023387943}.Release|Any CPU.ActiveCfg = Release|Any CPU
		{0906D17A-01F0-4761-9ECD-BE5023387943}.Release|Any CPU.Build.0 = Release|Any CPU
		{076B2B3F-B40C-4445-B73B-8847C15E9623}.Debug|Any CPU.ActiveCfg = Debug|Any CPU
		{076B2B3F-B40C-4445-B73B-8847C15E9623}.Debug|Any CPU.Build.0 = Debug|Any CPU
		{076B2B3F-B40C-4445-B73B-8847C15E9623}.Release|Any CPU.ActiveCfg = Release|Any CPU
		{076B2B3F-B40C-4445-B73B-8847C15E9623}.Release|Any CPU.Build.0 = Release|Any CPU
		{FDC3F86D-A2E8-443F-8665-6A71DA702123}.Debug|Any CPU.ActiveCfg = Debug|Any CPU
		{FDC3F86D-A2E8-443F-8665-6A71DA702123}.Debug|Any CPU.Build.0 = Debug|Any CPU
		{FDC3F86D-A2E8-443F-8665-6A71DA702123}.Release|Any CPU.ActiveCfg = Release|Any CPU
		{FDC3F86D-A2E8-443F-8665-6A71DA702123}.Release|Any CPU.Build.0 = Release|Any CPU
		{082BC7D4-F872-4A0A-8234-07BAE9F729B5}.Debug|Any CPU.ActiveCfg = Debug|Any CPU
		{082BC7D4-F872-4A0A-8234-07BAE9F729B5}.Debug|Any CPU.Build.0 = Debug|Any CPU
		{082BC7D4-F872-4A0A-8234-07BAE9F729B5}.Release|Any CPU.ActiveCfg = Release|Any CPU
		{082BC7D4-F872-4A0A-8234-07BAE9F729B5}.Release|Any CPU.Build.0 = Release|Any CPU
	EndGlobalSection
	GlobalSection(SolutionProperties) = preSolution
		HideSolutionNode = FALSE
	EndGlobalSection
	GlobalSection(ExtensibilityGlobals) = postSolution
		SolutionGuid = {BFE75200-D7F7-40E9-8A15-5DE5261D7E4B}
	EndGlobalSection
	GlobalSection(TestCaseManagementSettings) = postSolution
		CategoryFile = BookShop.vsmdi
	EndGlobalSection
EndGlobal
