
Microsoft Visual Studio Solution File, Format Version 12.00
# Visual Studio Version 17
VisualStudioVersion = 17.0.31912.275
MinimumVisualStudioVersion = 10.0.40219.1
Project("{FAE04EC0-301F-11D3-BF4B-00C04F79EFBC}") = "DemoWebShop.Framework", "DemoWebShop.Framework\DemoWebShop.Framework.csproj", "{AB5558AB-22D1-49C8-9B3B-32D262906858}"
EndProject
Project("{FAE04EC0-301F-11D3-BF4B-00C04F79EFBC}") = "DemoWebShop.Specs", "DemoWebShop.Specs\DemoWebShop.Specs.csproj", "{6D7C408D-8B23-4157-A1C4-28F7A19220D5}"
EndProject
Global
	GlobalSection(SolutionConfigurationPlatforms) = preSolution
		Debug|Any CPU = Debug|Any CPU
		Release|Any CPU = Release|Any CPU
	EndGlobalSection
	GlobalSection(ProjectConfigurationPlatforms) = postSolution
		{AB5558AB-22D1-49C8-9B3B-32D262906858}.Debug|Any CPU.ActiveCfg = Debug|Any CPU
		{AB5558AB-22D1-49C8-9B3B-32D262906858}.Debug|Any CPU.Build.0 = Debug|Any CPU
		{AB5558AB-22D1-49C8-9B3B-32D262906858}.Release|Any CPU.ActiveCfg = Release|Any CPU
		{AB5558AB-22D1-49C8-9B3B-32D262906858}.Release|Any CPU.Build.0 = Release|Any CPU
		{6D7C408D-8B23-4157-A1C4-28F7A19220D5}.Debug|Any CPU.ActiveCfg = Debug|Any CPU
		{6D7C408D-8B23-4157-A1C4-28F7A19220D5}.Debug|Any CPU.Build.0 = Debug|Any CPU
		{6D7C408D-8B23-4157-A1C4-28F7A19220D5}.Release|Any CPU.ActiveCfg = Release|Any CPU
		{6D7C408D-8B23-4157-A1C4-28F7A19220D5}.Release|Any CPU.Build.0 = Release|Any CPU
	EndGlobalSection
	GlobalSection(SolutionProperties) = preSolution
		HideSolutionNode = FALSE
	EndGlobalSection
	GlobalSection(ExtensibilityGlobals) = postSolution
		SolutionGuid = {09FDF9D0-7DCD-4B2B-8B99-E338C278DB90}
	EndGlobalSection
EndGlobal
